PODS:
  - FirstPodFramework (0.1.0)

DEPENDENCIES:
  - FirstPodFramework (from `../`)

EXTERNAL SOURCES:
  FirstPodFramework:
    :path: "../"

SPEC CHECKSUMS:
  FirstPodFramework: 5375b27ac7c9eb6354e72b86447d9a707fefdb87

PODFILE CHECKSUM: 8739e4221ce94cfc14902858cfc55f3825bdd95c

COCOAPODS: 1.9.3
